// !$*UTF8*$!
{
	archiveVersion = 1;
	classes = {
	};
	objectVersion = 50;
	objects = {

/* Begin PBXBuildFile section */
		D42B63CC2594B006009A4107 /* AppDelegate.swift in Sources */ = {isa = PBXBuildFile; fileRef = D42B63CB2594B006009A4107 /* AppDelegate.swift */; };
		D42B63CE2594B006009A4107 /* SceneDelegate.swift in Sources */ = {isa = PBXBuildFile; fileRef = D42B63CD2594B006009A4107 /* SceneDelegate.swift */; };
		D42B63D22594B009009A4107 /* Assets.xcassets in Resources */ = {isa = PBXBuildFile; fileRef = D42B63D12594B009009A4107 /* Assets.xcassets */; };
		D42B63D52594B009009A4107 /* Preview Assets.xcassets in Resources */ = {isa = PBXBuildFile; fileRef = D42B63D42594B009009A4107 /* Preview Assets.xcassets */; };
		D42B63D82594B009009A4107 /* LaunchScreen.storyboard in Resources */ = {isa = PBXBuildFile; fileRef = D42B63D62594B009009A4107 /* LaunchScreen.storyboard */; };
		D42B63E22594B318009A4107 /* TabBarView.swift in Sources */ = {isa = PBXBuildFile; fileRef = D42B63E12594B318009A4107 /* TabBarView.swift */; };
		D42B63E82595B3E8009A4107 /* StockListView.swift in Sources */ = {isa = PBXBuildFile; fileRef = D42B63E72595B3E8009A4107 /* StockListView.swift */; };
		D42B63ED2595C9AC009A4107 /* MemoCreateView.swift in Sources */ = {isa = PBXBuildFile; fileRef = D42B63EC2595C9AC009A4107 /* MemoCreateView.swift */; };
		D42B63F82597113B009A4107 /* StockCell.swift in Sources */ = {isa = PBXBuildFile; fileRef = D42B63F72597113B009A4107 /* StockCell.swift */; };
		D42B643B2597562D009A4107 /* MemoTitleModel.swift in Sources */ = {isa = PBXBuildFile; fileRef = D42B643A2597562D009A4107 /* MemoTitleModel.swift */; };
		D42B6445259851BD009A4107 /* CategoryTag.swift in Sources */ = {isa = PBXBuildFile; fileRef = D42B6444259851BD009A4107 /* CategoryTag.swift */; };
		D43B50F525A4B093007C00FA /* PersonRegisterView.swift in Sources */ = {isa = PBXBuildFile; fileRef = D43B50F425A4B093007C00FA /* PersonRegisterView.swift */; };
		D4FD74672598E3D900E1CB4C /* TagButton.swift in Sources */ = {isa = PBXBuildFile; fileRef = D4FD74662598E3D900E1CB4C /* TagButton.swift */; };
		D4FD746B2598E67300E1CB4C /* TagText.swift in Sources */ = {isa = PBXBuildFile; fileRef = D4FD746A2598E67300E1CB4C /* TagText.swift */; };
		D4FD7483259D94D800E1CB4C /* SplashView.swift in Sources */ = {isa = PBXBuildFile; fileRef = D4FD7482259D94D800E1CB4C /* SplashView.swift */; };
		D4FFC13425A2E8410095DC7A /* MultilineTextField.swift in Sources */ = {isa = PBXBuildFile; fileRef = D4FFC13325A2E8410095DC7A /* MultilineTextField.swift */; };
		E51C1AD225A1E90A00721BE1 /* StockListScroll.swift in Sources */ = {isa = PBXBuildFile; fileRef = E51C1AD125A1E90A00721BE1 /* StockListScroll.swift */; };
		E53CD4E925A1CBA900FD0F83 /* LoadingView.swift in Sources */ = {isa = PBXBuildFile; fileRef = E53CD4E825A1CBA900FD0F83 /* LoadingView.swift */; };
		E53CD4EC25A1CCA900FD0F83 /* ActivityIndicator.swift in Sources */ = {isa = PBXBuildFile; fileRef = E53CD4EB25A1CCA900FD0F83 /* ActivityIndicator.swift */; };
		E53CD4F025A1D16200FD0F83 /* PersonalView.swift in Sources */ = {isa = PBXBuildFile; fileRef = E53CD4EF25A1D16200FD0F83 /* PersonalView.swift */; };
		E53CD50425A1E77D00FD0F83 /* SearchHeader.swift in Sources */ = {isa = PBXBuildFile; fileRef = E53CD50325A1E77D00FD0F83 /* SearchHeader.swift */; };
		E5A46C712595F14D00C73264 /* UIComponents.swift in Sources */ = {isa = PBXBuildFile; fileRef = E5A46C702595F14D00C73264 /* UIComponents.swift */; };
/* End PBXBuildFile section */

/* Begin PBXFileReference section */
		D42B63C82594B006009A4107 /* TalkStock.app */ = {isa = PBXFileReference; explicitFileType = wrapper.application; includeInIndex = 0; path = TalkStock.app; sourceTree = BUILT_PRODUCTS_DIR; };
		D42B63CB2594B006009A4107 /* AppDelegate.swift */ = {isa = PBXFileReference; lastKnownFileType = sourcecode.swift; path = AppDelegate.swift; sourceTree = "<group>"; };
		D42B63CD2594B006009A4107 /* SceneDelegate.swift */ = {isa = PBXFileReference; lastKnownFileType = sourcecode.swift; path = SceneDelegate.swift; sourceTree = "<group>"; };
		D42B63D12594B009009A4107 /* Assets.xcassets */ = {isa = PBXFileReference; lastKnownFileType = folder.assetcatalog; path = Assets.xcassets; sourceTree = "<group>"; };
		D42B63D42594B009009A4107 /* Preview Assets.xcassets */ = {isa = PBXFileReference; lastKnownFileType = folder.assetcatalog; path = "Preview Assets.xcassets"; sourceTree = "<group>"; };
		D42B63D72594B009009A4107 /* Base */ = {isa = PBXFileReference; lastKnownFileType = file.storyboard; name = Base; path = Base.lproj/LaunchScreen.storyboard; sourceTree = "<group>"; };
		D42B63D92594B009009A4107 /* Info.plist */ = {isa = PBXFileReference; lastKnownFileType = text.plist.xml; path = Info.plist; sourceTree = "<group>"; };
		D42B63E12594B318009A4107 /* TabBarView.swift */ = {isa = PBXFileReference; lastKnownFileType = sourcecode.swift; path = TabBarView.swift; sourceTree = "<group>"; };
		D42B63E72595B3E8009A4107 /* StockListView.swift */ = {isa = PBXFileReference; lastKnownFileType = sourcecode.swift; path = StockListView.swift; sourceTree = "<group>"; };
		D42B63EC2595C9AC009A4107 /* MemoCreateView.swift */ = {isa = PBXFileReference; lastKnownFileType = sourcecode.swift; path = MemoCreateView.swift; sourceTree = "<group>"; };
		D42B63F72597113B009A4107 /* StockCell.swift */ = {isa = PBXFileReference; lastKnownFileType = sourcecode.swift; path = StockCell.swift; sourceTree = "<group>"; };
		D42B643A2597562D009A4107 /* MemoTitleModel.swift */ = {isa = PBXFileReference; lastKnownFileType = sourcecode.swift; path = MemoTitleModel.swift; sourceTree = "<group>"; };
		D42B6444259851BD009A4107 /* CategoryTag.swift */ = {isa = PBXFileReference; lastKnownFileType = sourcecode.swift; path = CategoryTag.swift; sourceTree = "<group>"; };
		D43B50F425A4B093007C00FA /* PersonRegisterView.swift */ = {isa = PBXFileReference; lastKnownFileType = sourcecode.swift; path = PersonRegisterView.swift; sourceTree = "<group>"; };
		D4FD74662598E3D900E1CB4C /* TagButton.swift */ = {isa = PBXFileReference; lastKnownFileType = sourcecode.swift; path = TagButton.swift; sourceTree = "<group>"; };
		D4FD746A2598E67300E1CB4C /* TagText.swift */ = {isa = PBXFileReference; lastKnownFileType = sourcecode.swift; path = TagText.swift; sourceTree = "<group>"; };
		D4FD7482259D94D800E1CB4C /* SplashView.swift */ = {isa = PBXFileReference; lastKnownFileType = sourcecode.swift; path = SplashView.swift; sourceTree = "<group>"; };
		D4FFC13325A2E8410095DC7A /* MultilineTextField.swift */ = {isa = PBXFileReference; lastKnownFileType = sourcecode.swift; path = MultilineTextField.swift; sourceTree = "<group>"; };
		E51C1AD125A1E90A00721BE1 /* StockListScroll.swift */ = {isa = PBXFileReference; lastKnownFileType = sourcecode.swift; path = StockListScroll.swift; sourceTree = "<group>"; };
		E53CD4E825A1CBA900FD0F83 /* LoadingView.swift */ = {isa = PBXFileReference; lastKnownFileType = sourcecode.swift; path = LoadingView.swift; sourceTree = "<group>"; };
		E53CD4EB25A1CCA900FD0F83 /* ActivityIndicator.swift */ = {isa = PBXFileReference; lastKnownFileType = sourcecode.swift; path = ActivityIndicator.swift; sourceTree = "<group>"; };
		E53CD4EF25A1D16200FD0F83 /* PersonalView.swift */ = {isa = PBXFileReference; lastKnownFileType = sourcecode.swift; path = PersonalView.swift; sourceTree = "<group>"; };
		E53CD50325A1E77D00FD0F83 /* SearchHeader.swift */ = {isa = PBXFileReference; lastKnownFileType = sourcecode.swift; path = SearchHeader.swift; sourceTree = "<group>"; };
		E5A46C702595F14D00C73264 /* UIComponents.swift */ = {isa = PBXFileReference; lastKnownFileType = sourcecode.swift; path = UIComponents.swift; sourceTree = "<group>"; };
/* End PBXFileReference section */

/* Begin PBXFrameworksBuildPhase section */
		D42B63C52594B006009A4107 /* Frameworks */ = {
			isa = PBXFrameworksBuildPhase;
			buildActionMask = 2147483647;
			files = (
			);
			runOnlyForDeploymentPostprocessing = 0;
		};
/* End PBXFrameworksBuildPhase section */

/* Begin PBXGroup section */
		D42B63BF2594B006009A4107 = {
			isa = PBXGroup;
			children = (
				D42B63CA2594B006009A4107 /* TalkStock */,
				D42B63C92594B006009A4107 /* Products */,
			);
			sourceTree = "<group>";
		};
		D42B63C92594B006009A4107 /* Products */ = {
			isa = PBXGroup;
			children = (
				D42B63C82594B006009A4107 /* TalkStock.app */,
			);
			name = Products;
			sourceTree = "<group>";
		};
		D42B63CA2594B006009A4107 /* TalkStock */ = {
			isa = PBXGroup;
			children = (
				D42B63CB2594B006009A4107 /* AppDelegate.swift */,
				D42B63CD2594B006009A4107 /* SceneDelegate.swift */,
				D42B643A2597562D009A4107 /* MemoTitleModel.swift */,
				E53CD4F325A1E44200FD0F83 /* ViewModel */,
				D4FD7481259D947C00E1CB4C /* View */,
				E5A46C6F2595F13000C73264 /* Helper */,
				D42B63D12594B009009A4107 /* Assets.xcassets */,
				D42B63D62594B009009A4107 /* LaunchScreen.storyboard */,
				D42B63D92594B009009A4107 /* Info.plist */,
				D42B63D32594B009009A4107 /* Preview Content */,
			);
			path = TalkStock;
			sourceTree = "<group>";
		};
		D42B63D32594B009009A4107 /* Preview Content */ = {
			isa = PBXGroup;
			children = (
				D42B63D42594B009009A4107 /* Preview Assets.xcassets */,
			);
			path = "Preview Content";
			sourceTree = "<group>";
		};
		D43B50F325A4B06C007C00FA /* PersonRegister */ = {
			isa = PBXGroup;
			children = (
				D43B50F425A4B093007C00FA /* PersonRegisterView.swift */,
			);
			path = PersonRegister;
			sourceTree = "<group>";
		};
		D4FD7481259D947C00E1CB4C /* View */ = {
			isa = PBXGroup;
			children = (
				D43B50F325A4B06C007C00FA /* PersonRegister */,
				D4FFC14025A347540095DC7A /* MemoCreate */,
				E53CD4FC25A1E6A400FD0F83 /* Personal */,
				E53CD4FD25A1E6B100FD0F83 /* StockList */,
				E53CD4FF25A1E70700FD0F83 /* Tag */,
				E53CD50225A1E73B00FD0F83 /* Loading */,
				D42B63E12594B318009A4107 /* TabBarView.swift */,
				D4FD7482259D94D800E1CB4C /* SplashView.swift */,
				D42B6444259851BD009A4107 /* CategoryTag.swift */,
			);
			path = View;
			sourceTree = "<group>";
		};
		D4FFC14025A347540095DC7A /* MemoCreate */ = {
			isa = PBXGroup;
			children = (
				D42B63EC2595C9AC009A4107 /* MemoCreateView.swift */,
				D4FFC13325A2E8410095DC7A /* MultilineTextField.swift */,
			);
			path = MemoCreate;
			sourceTree = "<group>";
		};
		E53CD4F325A1E44200FD0F83 /* ViewModel */ = {
			isa = PBXGroup;
			children = (
			);
			path = ViewModel;
			sourceTree = "<group>";
		};
		E53CD4FC25A1E6A400FD0F83 /* Personal */ = {
			isa = PBXGroup;
			children = (
				E53CD4EF25A1D16200FD0F83 /* PersonalView.swift */,
			);
			path = Personal;
			sourceTree = "<group>";
		};
		E53CD4FD25A1E6B100FD0F83 /* StockList */ = {
			isa = PBXGroup;
			children = (
				D42B63E72595B3E8009A4107 /* StockListView.swift */,
				D42B63F72597113B009A4107 /* StockCell.swift */,
				E53CD50325A1E77D00FD0F83 /* SearchHeader.swift */,
				E51C1AD125A1E90A00721BE1 /* StockListScroll.swift */,
			);
			path = StockList;
			sourceTree = "<group>";
		};
		E53CD4FF25A1E70700FD0F83 /* Tag */ = {
			isa = PBXGroup;
			children = (
				D4FD746A2598E67300E1CB4C /* TagText.swift */,
				D4FD74662598E3D900E1CB4C /* TagButton.swift */,
			);
			path = Tag;
			sourceTree = "<group>";
		};
		E53CD50225A1E73B00FD0F83 /* Loading */ = {
			isa = PBXGroup;
			children = (
				E53CD4EB25A1CCA900FD0F83 /* ActivityIndicator.swift */,
				E53CD4E825A1CBA900FD0F83 /* LoadingView.swift */,
			);
			path = Loading;
			sourceTree = "<group>";
		};
		E5A46C6F2595F13000C73264 /* Helper */ = {
			isa = PBXGroup;
			children = (
				E5A46C702595F14D00C73264 /* UIComponents.swift */,
			);
			path = Helper;
			sourceTree = "<group>";
		};
/* End PBXGroup section */

/* Begin PBXNativeTarget section */
		D42B63C72594B006009A4107 /* TalkStock */ = {
			isa = PBXNativeTarget;
			buildConfigurationList = D42B63DC2594B009009A4107 /* Build configuration list for PBXNativeTarget "TalkStock" */;
			buildPhases = (
				D42B63C42594B006009A4107 /* Sources */,
				D42B63C52594B006009A4107 /* Frameworks */,
				D42B63C62594B006009A4107 /* Resources */,
			);
			buildRules = (
			);
			dependencies = (
			);
			name = TalkStock;
			productName = TalkStock;
			productReference = D42B63C82594B006009A4107 /* TalkStock.app */;
			productType = "com.apple.product-type.application";
		};
/* End PBXNativeTarget section */

/* Begin PBXProject section */
		D42B63C02594B006009A4107 /* Project object */ = {
			isa = PBXProject;
			attributes = {
				LastSwiftUpdateCheck = 1230;
				LastUpgradeCheck = 1230;
				TargetAttributes = {
					D42B63C72594B006009A4107 = {
						CreatedOnToolsVersion = 12.3;
					};
				};
			};
			buildConfigurationList = D42B63C32594B006009A4107 /* Build configuration list for PBXProject "TalkStock" */;
			compatibilityVersion = "Xcode 9.3";
			developmentRegion = en;
			hasScannedForEncodings = 0;
			knownRegions = (
				en,
				Base,
			);
			mainGroup = D42B63BF2594B006009A4107;
			productRefGroup = D42B63C92594B006009A4107 /* Products */;
			projectDirPath = "";
			projectRoot = "";
			targets = (
				D42B63C72594B006009A4107 /* TalkStock */,
			);
		};
/* End PBXProject section */

/* Begin PBXResourcesBuildPhase section */
		D42B63C62594B006009A4107 /* Resources */ = {
			isa = PBXResourcesBuildPhase;
			buildActionMask = 2147483647;
			files = (
				D42B63D82594B009009A4107 /* LaunchScreen.storyboard in Resources */,
				D42B63D52594B009009A4107 /* Preview Assets.xcassets in Resources */,
				D42B63D22594B009009A4107 /* Assets.xcassets in Resources */,
			);
			runOnlyForDeploymentPostprocessing = 0;
		};
/* End PBXResourcesBuildPhase section */

/* Begin PBXSourcesBuildPhase section */
		D42B63C42594B006009A4107 /* Sources */ = {
			isa = PBXSourcesBuildPhase;
			buildActionMask = 2147483647;
			files = (
				D42B63CC2594B006009A4107 /* AppDelegate.swift in Sources */,
				E53CD4EC25A1CCA900FD0F83 /* ActivityIndicator.swift in Sources */,
				D4FD746B2598E67300E1CB4C /* TagText.swift in Sources */,
				D42B63CE2594B006009A4107 /* SceneDelegate.swift in Sources */,
				D42B63E22594B318009A4107 /* TabBarView.swift in Sources */,
				E53CD4E925A1CBA900FD0F83 /* LoadingView.swift in Sources */,
				D42B643B2597562D009A4107 /* MemoTitleModel.swift in Sources */,
				D42B63E82595B3E8009A4107 /* StockListView.swift in Sources */,
				D4FFC13425A2E8410095DC7A /* MultilineTextField.swift in Sources */,
				D43B50F525A4B093007C00FA /* PersonRegisterView.swift in Sources */,
				E51C1AD225A1E90A00721BE1 /* StockListScroll.swift in Sources */,
				D42B6445259851BD009A4107 /* CategoryTag.swift in Sources */,
				D4FD7483259D94D800E1CB4C /* SplashView.swift in Sources */,
				D4FD74672598E3D900E1CB4C /* TagButton.swift in Sources */,
				E53CD4F025A1D16200FD0F83 /* PersonalView.swift in Sources */,
				E53CD50425A1E77D00FD0F83 /* SearchHeader.swift in Sources */,
				E5A46C712595F14D00C73264 /* UIComponents.swift in Sources */,
				D42B63F82597113B009A4107 /* StockCell.swift in Sources */,
				D42B63ED2595C9AC009A4107 /* MemoCreateView.swift in Sources */,
			);
			runOnlyForDeploymentPostprocessing = 0;
		};
/* End PBXSourcesBuildPhase section */

/* Begin PBXVariantGroup section */
		D42B63D62594B009009A4107 /* LaunchScreen.storyboard */ = {
			isa = PBXVariantGroup;
			children = (
				D42B63D72594B009009A4107 /* Base */,
			);
			name = LaunchScreen.storyboard;
			sourceTree = "<group>";
		};
/* End PBXVariantGroup section */

/* Begin XCBuildConfiguration section */
		D42B63DA2594B009009A4107 /* Debug */ = {
			isa = XCBuildConfiguration;
			buildSettings = {
				ALWAYS_SEARCH_USER_PATHS = NO;
				CLANG_ANALYZER_NONNULL = YES;
				CLANG_ANALYZER_NUMBER_OBJECT_CONVERSION = YES_AGGRESSIVE;
				CLANG_CXX_LANGUAGE_STANDARD = "gnu++14";
				CLANG_CXX_LIBRARY = "libc++";
				CLANG_ENABLE_MODULES = YES;
				CLANG_ENABLE_OBJC_ARC = YES;
				CLANG_ENABLE_OBJC_WEAK = YES;
				CLANG_WARN_BLOCK_CAPTURE_AUTORELEASING = YES;
				CLANG_WARN_BOOL_CONVERSION = YES;
				CLANG_WARN_COMMA = YES;
				CLANG_WARN_CONSTANT_CONVERSION = YES;
				CLANG_WARN_DEPRECATED_OBJC_IMPLEMENTATIONS = YES;
				CLANG_WARN_DIRECT_OBJC_ISA_USAGE = YES_ERROR;
				CLANG_WARN_DOCUMENTATION_COMMENTS = YES;
				CLANG_WARN_EMPTY_BODY = YES;
				CLANG_WARN_ENUM_CONVERSION = YES;
				CLANG_WARN_INFINITE_RECURSION = YES;
				CLANG_WARN_INT_CONVERSION = YES;
				CLANG_WARN_NON_LITERAL_NULL_CONVERSION = YES;
				CLANG_WARN_OBJC_IMPLICIT_RETAIN_SELF = YES;
				CLANG_WARN_OBJC_LITERAL_CONVERSION = YES;
				CLANG_WARN_OBJC_ROOT_CLASS = YES_ERROR;
				CLANG_WARN_QUOTED_INCLUDE_IN_FRAMEWORK_HEADER = YES;
				CLANG_WARN_RANGE_LOOP_ANALYSIS = YES;
				CLANG_WARN_STRICT_PROTOTYPES = YES;
				CLANG_WARN_SUSPICIOUS_MOVE = YES;
				CLANG_WARN_UNGUARDED_AVAILABILITY = YES_AGGRESSIVE;
				CLANG_WARN_UNREACHABLE_CODE = YES;
				CLANG_WARN__DUPLICATE_METHOD_MATCH = YES;
				COPY_PHASE_STRIP = NO;
				DEBUG_INFORMATION_FORMAT = dwarf;
				ENABLE_STRICT_OBJC_MSGSEND = YES;
				ENABLE_TESTABILITY = YES;
				GCC_C_LANGUAGE_STANDARD = gnu11;
				GCC_DYNAMIC_NO_PIC = NO;
				GCC_NO_COMMON_BLOCKS = YES;
				GCC_OPTIMIZATION_LEVEL = 0;
				GCC_PREPROCESSOR_DEFINITIONS = (
					"DEBUG=1",
					"$(inherited)",
				);
				GCC_WARN_64_TO_32_BIT_CONVERSION = YES;
				GCC_WARN_ABOUT_RETURN_TYPE = YES_ERROR;
				GCC_WARN_UNDECLARED_SELECTOR = YES;
				GCC_WARN_UNINITIALIZED_AUTOS = YES_AGGRESSIVE;
				GCC_WARN_UNUSED_FUNCTION = YES;
				GCC_WARN_UNUSED_VARIABLE = YES;
				IPHONEOS_DEPLOYMENT_TARGET = 14.3;
				MTL_ENABLE_DEBUG_INFO = INCLUDE_SOURCE;
				MTL_FAST_MATH = YES;
				ONLY_ACTIVE_ARCH = YES;
				SDKROOT = iphoneos;
				SWIFT_ACTIVE_COMPILATION_CONDITIONS = DEBUG;
				SWIFT_OPTIMIZATION_LEVEL = "-Onone";
			};
			name = Debug;
		};
		D42B63DB2594B009009A4107 /* Release */ = {
			isa = XCBuildConfiguration;
			buildSettings = {
				ALWAYS_SEARCH_USER_PATHS = NO;
				CLANG_ANALYZER_NONNULL = YES;
				CLANG_ANALYZER_NUMBER_OBJECT_CONVERSION = YES_AGGRESSIVE;
				CLANG_CXX_LANGUAGE_STANDARD = "gnu++14";
				CLANG_CXX_LIBRARY = "libc++";
				CLANG_ENABLE_MODULES = YES;
				CLANG_ENABLE_OBJC_ARC = YES;
				CLANG_ENABLE_OBJC_WEAK = YES;
				CLANG_WARN_BLOCK_CAPTURE_AUTORELEASING = YES;
				CLANG_WARN_BOOL_CONVERSION = YES;
				CLANG_WARN_COMMA = YES;
				CLANG_WARN_CONSTANT_CONVERSION = YES;
				CLANG_WARN_DEPRECATED_OBJC_IMPLEMENTATIONS = YES;
				CLANG_WARN_DIRECT_OBJC_ISA_USAGE = YES_ERROR;
				CLANG_WARN_DOCUMENTATION_COMMENTS = YES;
				CLANG_WARN_EMPTY_BODY = YES;
				CLANG_WARN_ENUM_CONVERSION = YES;
				CLANG_WARN_INFINITE_RECURSION = YES;
				CLANG_WARN_INT_CONVERSION = YES;
				CLANG_WARN_NON_LITERAL_NULL_CONVERSION = YES;
				CLANG_WARN_OBJC_IMPLICIT_RETAIN_SELF = YES;
				CLANG_WARN_OBJC_LITERAL_CONVERSION = YES;
				CLANG_WARN_OBJC_ROOT_CLASS = YES_ERROR;
				CLANG_WARN_QUOTED_INCLUDE_IN_FRAMEWORK_HEADER = YES;
				CLANG_WARN_RANGE_LOOP_ANALYSIS = YES;
				CLANG_WARN_STRICT_PROTOTYPES = YES;
				CLANG_WARN_SUSPICIOUS_MOVE = YES;
				CLANG_WARN_UNGUARDED_AVAILABILITY = YES_AGGRESSIVE;
				CLANG_WARN_UNREACHABLE_CODE = YES;
				CLANG_WARN__DUPLICATE_METHOD_MATCH = YES;
				COPY_PHASE_STRIP = NO;
				DEBUG_INFORMATION_FORMAT = "dwarf-with-dsym";
				ENABLE_NS_ASSERTIONS = NO;
				ENABLE_STRICT_OBJC_MSGSEND = YES;
				GCC_C_LANGUAGE_STANDARD = gnu11;
				GCC_NO_COMMON_BLOCKS = YES;
				GCC_WARN_64_TO_32_BIT_CONVERSION = YES;
				GCC_WARN_ABOUT_RETURN_TYPE = YES_ERROR;
				GCC_WARN_UNDECLARED_SELECTOR = YES;
				GCC_WARN_UNINITIALIZED_AUTOS = YES_AGGRESSIVE;
				GCC_WARN_UNUSED_FUNCTION = YES;
				GCC_WARN_UNUSED_VARIABLE = YES;
				IPHONEOS_DEPLOYMENT_TARGET = 14.3;
				MTL_ENABLE_DEBUG_INFO = NO;
				MTL_FAST_MATH = YES;
				SDKROOT = iphoneos;
				SWIFT_COMPILATION_MODE = wholemodule;
				SWIFT_OPTIMIZATION_LEVEL = "-O";
				VALIDATE_PRODUCT = YES;
			};
			name = Release;
		};
		D42B63DD2594B009009A4107 /* Debug */ = {
			isa = XCBuildConfiguration;
			buildSettings = {
				ASSETCATALOG_COMPILER_APPICON_NAME = AppIcon;
				ASSETCATALOG_COMPILER_GLOBAL_ACCENT_COLOR_NAME = AccentColor;
				CODE_SIGN_STYLE = Automatic;
				DEVELOPMENT_ASSET_PATHS = "\"TalkStock/Preview Content\"";
				ENABLE_PREVIEWS = YES;
				INFOPLIST_FILE = TalkStock/Info.plist;
				LD_RUNPATH_SEARCH_PATHS = (
					"$(inherited)",
					"@executable_path/Frameworks",
				);
				PRODUCT_BUNDLE_IDENTIFIER = com.Ryoya.TalkStock;
				PRODUCT_NAME = "$(TARGET_NAME)";
				SWIFT_VERSION = 5.0;
				TARGETED_DEVICE_FAMILY = "1,2";
			};
			name = Debug;
		};
		D42B63DE2594B009009A4107 /* Release */ = {
			isa = XCBuildConfiguration;
			buildSettings = {
				ASSETCATALOG_COMPILER_APPICON_NAME = AppIcon;
				ASSETCATALOG_COMPILER_GLOBAL_ACCENT_COLOR_NAME = AccentColor;
				CODE_SIGN_STYLE = Automatic;
				DEVELOPMENT_ASSET_PATHS = "\"TalkStock/Preview Content\"";
				ENABLE_PREVIEWS = YES;
				INFOPLIST_FILE = TalkStock/Info.plist;
				LD_RUNPATH_SEARCH_PATHS = (
					"$(inherited)",
					"@executable_path/Frameworks",
				);
				PRODUCT_BUNDLE_IDENTIFIER = com.Ryoya.TalkStock;
				PRODUCT_NAME = "$(TARGET_NAME)";
				SWIFT_VERSION = 5.0;
				TARGETED_DEVICE_FAMILY = "1,2";
			};
			name = Release;
		};
/* End XCBuildConfiguration section */

/* Begin XCConfigurationList section */
		D42B63C32594B006009A4107 /* Build configuration list for PBXProject "TalkStock" */ = {
			isa = XCConfigurationList;
			buildConfigurations = (
				D42B63DA2594B009009A4107 /* Debug */,
				D42B63DB2594B009009A4107 /* Release */,
			);
			defaultConfigurationIsVisible = 0;
			defaultConfigurationName = Release;
		};
		D42B63DC2594B009009A4107 /* Build configuration list for PBXNativeTarget "TalkStock" */ = {
			isa = XCConfigurationList;
			buildConfigurations = (
				D42B63DD2594B009009A4107 /* Debug */,
				D42B63DE2594B009009A4107 /* Release */,
			);
			defaultConfigurationIsVisible = 0;
			defaultConfigurationName = Release;
		};
/* End XCConfigurationList section */
	};
	rootObject = D42B63C02594B006009A4107 /* Project object */;
}
